
Microsoft Visual Studio Solution File, Format Version 12.00
# Visual Studio 15
VisualStudioVersion = 15.0.28010.2016
MinimumVisualStudioVersion = 10.0.40219.1
Project("{FAE04EC0-301F-11D3-BF4B-00C04F79EFBC}") = "FarM", "FarM\FarM.csproj", "{578FA17A-9CF6-416D-B02D-093A41D8AFB5}"
EndProject
Global
	GlobalSection(SolutionConfigurationPlatforms) = preSolution
		Debug|Any CPU = Debug|Any CPU
		Release|Any CPU = Release|Any CPU
	EndGlobalSection
	GlobalSection(ProjectConfigurationPlatforms) = postSolution
		{578FA17A-9CF6-416D-B02D-093A41D8AFB5}.Debug|Any CPU.ActiveCfg = Debug|Any CPU
		{578FA17A-9CF6-416D-B02D-093A41D8AFB5}.Debug|Any CPU.Build.0 = Debug|Any CPU
		{578FA17A-9CF6-416D-B02D-093A41D8AFB5}.Release|Any CPU.ActiveCfg = Release|Any CPU
		{578FA17A-9CF6-416D-B02D-093A41D8AFB5}.Release|Any CPU.Build.0 = Release|Any CPU
	EndGlobalSection
	GlobalSection(SolutionProperties) = preSolution
		HideSolutionNode = FALSE
	EndGlobalSection
	GlobalSection(ExtensibilityGlobals) = postSolution
		SolutionGuid = {EFD0C93B-CA32-45BA-B505-F965380ED570}
	EndGlobalSection
EndGlobal
