
Microsoft Visual Studio Solution File, Format Version 12.00
# Visual Studio 15
VisualStudioVersion = 15.0.28010.2016
MinimumVisualStudioVersion = 10.0.40219.1
Project("{FAE04EC0-301F-11D3-BF4B-00C04F79EFBC}") = "Serialization1", "Serialization\Serialization1.csproj", "{6CD61E27-D554-4374-AB83-2D23F1EB03A4}"
EndProject
Project("{FAE04EC0-301F-11D3-BF4B-00C04F79EFBC}") = "Serialization2", "Serialization2\Serialization2.csproj", "{CE73969C-4705-43A8-B3F0-8A508898F1FC}"
EndProject
Global
	GlobalSection(SolutionConfigurationPlatforms) = preSolution
		Debug|Any CPU = Debug|Any CPU
		Release|Any CPU = Release|Any CPU
	EndGlobalSection
	GlobalSection(ProjectConfigurationPlatforms) = postSolution
		{6CD61E27-D554-4374-AB83-2D23F1EB03A4}.Debug|Any CPU.ActiveCfg = Debug|Any CPU
		{6CD61E27-D554-4374-AB83-2D23F1EB03A4}.Debug|Any CPU.Build.0 = Debug|Any CPU
		{6CD61E27-D554-4374-AB83-2D23F1EB03A4}.Release|Any CPU.ActiveCfg = Release|Any CPU
		{6CD61E27-D554-4374-AB83-2D23F1EB03A4}.Release|Any CPU.Build.0 = Release|Any CPU
		{CE73969C-4705-43A8-B3F0-8A508898F1FC}.Debug|Any CPU.ActiveCfg = Debug|Any CPU
		{CE73969C-4705-43A8-B3F0-8A508898F1FC}.Debug|Any CPU.Build.0 = Debug|Any CPU
		{CE73969C-4705-43A8-B3F0-8A508898F1FC}.Release|Any CPU.ActiveCfg = Release|Any CPU
		{CE73969C-4705-43A8-B3F0-8A508898F1FC}.Release|Any CPU.Build.0 = Release|Any CPU
	EndGlobalSection
	GlobalSection(SolutionProperties) = preSolution
		HideSolutionNode = FALSE
	EndGlobalSection
	GlobalSection(ExtensibilityGlobals) = postSolution
		SolutionGuid = {520CCE12-82DC-4A21-8112-D4AD943B1E0A}
	EndGlobalSection
EndGlobal
